
Microsoft Visual Studio Solution File, Format Version 12.00
# Visual Studio Version 16
VisualStudioVersion = 16.0.29209.152
MinimumVisualStudioVersion = 10.0.40219.1
Project("{FAE04EC0-301F-11D3-BF4B-00C04F79EFBC}") = "Anti-Cheating_software", "Anti-Cheating_software.csproj", "{7BED4581-EC08-45F7-9A70-EEC46F49AD88}"
EndProject
Project("{FAE04EC0-301F-11D3-BF4B-00C04F79EFBC}") = "Anti-cheating-software_Unit-Tests", "..\Anti-cheating-software_Unit-Tests\Anti-cheating-software_Unit-Tests.csproj", "{82C5ACA6-85B5-4726-B6BB-C753F3AC7034}"
EndProject
Global
	GlobalSection(SolutionConfigurationPlatforms) = preSolution
		Debug|Any CPU = Debug|Any CPU
		Debug|x64 = Debug|x64
		Debug|x86 = Debug|x86
		Release|Any CPU = Release|Any CPU
		Release|x64 = Release|x64
		Release|x86 = Release|x86
	EndGlobalSection
	GlobalSection(ProjectConfigurationPlatforms) = postSolution
		{7BED4581-EC08-45F7-9A70-EEC46F49AD88}.Debug|Any CPU.ActiveCfg = Debug|Any CPU
		{7BED4581-EC08-45F7-9A70-EEC46F49AD88}.Debug|Any CPU.Build.0 = Debug|Any CPU
		{7BED4581-EC08-45F7-9A70-EEC46F49AD88}.Debug|x64.ActiveCfg = Debug|Any CPU
		{7BED4581-EC08-45F7-9A70-EEC46F49AD88}.Debug|x64.Build.0 = Debug|Any CPU
		{7BED4581-EC08-45F7-9A70-EEC46F49AD88}.Debug|x86.ActiveCfg = Debug|Any CPU
		{7BED4581-EC08-45F7-9A70-EEC46F49AD88}.Debug|x86.Build.0 = Debug|Any CPU
		{7BED4581-EC08-45F7-9A70-EEC46F49AD88}.Release|Any CPU.ActiveCfg = Release|Any CPU
		{7BED4581-EC08-45F7-9A70-EEC46F49AD88}.Release|Any CPU.Build.0 = Release|Any CPU
		{7BED4581-EC08-45F7-9A70-EEC46F49AD88}.Release|x64.ActiveCfg = Release|Any CPU
		{7BED4581-EC08-45F7-9A70-EEC46F49AD88}.Release|x64.Build.0 = Release|Any CPU
		{7BED4581-EC08-45F7-9A70-EEC46F49AD88}.Release|x86.ActiveCfg = Release|Any CPU
		{7BED4581-EC08-45F7-9A70-EEC46F49AD88}.Release|x86.Build.0 = Release|Any CPU
		{82C5ACA6-85B5-4726-B6BB-C753F3AC7034}.Debug|Any CPU.ActiveCfg = Debug|Any CPU
		{82C5ACA6-85B5-4726-B6BB-C753F3AC7034}.Debug|Any CPU.Build.0 = Debug|Any CPU
		{82C5ACA6-85B5-4726-B6BB-C753F3AC7034}.Debug|x64.ActiveCfg = Debug|Any CPU
		{82C5ACA6-85B5-4726-B6BB-C753F3AC7034}.Debug|x64.Build.0 = Debug|Any CPU
		{82C5ACA6-85B5-4726-B6BB-C753F3AC7034}.Debug|x86.ActiveCfg = Debug|Any CPU
		{82C5ACA6-85B5-4726-B6BB-C753F3AC7034}.Debug|x86.Build.0 = Debug|Any CPU
		{82C5ACA6-85B5-4726-B6BB-C753F3AC7034}.Release|Any CPU.ActiveCfg = Release|Any CPU
		{82C5ACA6-85B5-4726-B6BB-C753F3AC7034}.Release|Any CPU.Build.0 = Release|Any CPU
		{82C5ACA6-85B5-4726-B6BB-C753F3AC7034}.Release|x64.ActiveCfg = Release|Any CPU
		{82C5ACA6-85B5-4726-B6BB-C753F3AC7034}.Release|x64.Build.0 = Release|Any CPU
		{82C5ACA6-85B5-4726-B6BB-C753F3AC7034}.Release|x86.ActiveCfg = Release|Any CPU
		{82C5ACA6-85B5-4726-B6BB-C753F3AC7034}.Release|x86.Build.0 = Release|Any CPU
	EndGlobalSection
	GlobalSection(SolutionProperties) = preSolution
		HideSolutionNode = FALSE
	EndGlobalSection
	GlobalSection(ExtensibilityGlobals) = postSolution
		SolutionGuid = {E9BFAE72-BF17-4101-BA7A-BB5C98C227C3}
	EndGlobalSection
EndGlobal
